// !$*UTF8*$!
{
	archiveVersion = 1;
	classes = {
	};
	objectVersion = 46;
	objects = {

/* Begin PBXBuildFile section */
		9D589A591986064B00649A55 /* libCocos2dXiOSCore.a in Frameworks */ = {isa = PBXBuildFile; fileRef = 9D41016D1978D35200907FA8 /* libCocos2dXiOSCore.a */; };
		9D80462819810A3C00390E4C /* CCAggregateReward.cpp in Sources */ = {isa = PBXBuildFile; fileRef = 9D4101401978CFAD00907FA8 /* CCAggregateReward.cpp */; };
		9D80462919810A3C00390E4C /* CCSoomlaEventDispatcher.cpp in Sources */ = {isa = PBXBuildFile; fileRef = 9D4101391978CFAD00907FA8 /* CCSoomlaEventDispatcher.cpp */; };
		9D80462A19810A3C00390E4C /* CCReward.cpp in Sources */ = {isa = PBXBuildFile; fileRef = 9D4101461978CFAD00907FA8 /* CCReward.cpp */; };
		9D80462B19810A3C00390E4C /* CCNdkBridge.cpp in Sources */ = {isa = PBXBuildFile; fileRef = 9D4101351978CFAD00907FA8 /* CCNdkBridge.cpp */; };
		9D80462C19810A3C00390E4C /* CCJsonHelper.cpp in Sources */ = {isa = PBXBuildFile; fileRef = 9D4101331978CFAD00907FA8 /* CCJsonHelper.cpp */; };
		9D80462D19810A3C00390E4C /* CCCoreEventDispatcher.cpp in Sources */ = {isa = PBXBuildFile; fileRef = 9D4101281978CFAD00907FA8 /* CCCoreEventDispatcher.cpp */; };
		9D80462E19810A3C00390E4C /* CCServiceManager.cpp in Sources */ = {isa = PBXBuildFile; fileRef = 9D4101371978CFAD00907FA8 /* CCServiceManager.cpp */; };
		9D80462F19810A3C00390E4C /* CCBadgeReward.cpp in Sources */ = {isa = PBXBuildFile; fileRef = 9D4101421978CFAD00907FA8 /* CCBadgeReward.cpp */; };
		9D80463019810A3C00390E4C /* CCCommonConsts.cpp in Sources */ = {isa = PBXBuildFile; fileRef = 9D4101261978CFAD00907FA8 /* CCCommonConsts.cpp */; };
		9D80463119810A3C00390E4C /* CCSequenceReward.cpp in Sources */ = {isa = PBXBuildFile; fileRef = 9D4101481978CFAD00907FA8 /* CCSequenceReward.cpp */; };
		9D80463219810A3C00390E4C /* CCDomainHelper.cpp in Sources */ = {isa = PBXBuildFile; fileRef = 9D41012F1978CFAD00907FA8 /* CCDomainHelper.cpp */; };
		9D80463319810A3C00390E4C /* CCDomain.cpp in Sources */ = {isa = PBXBuildFile; fileRef = 9D41013D1978CFAD00907FA8 /* CCDomain.cpp */; };
		9D80463419810A3C00390E4C /* CCDomainFactory.cpp in Sources */ = {isa = PBXBuildFile; fileRef = 9D41012D1978CFAD00907FA8 /* CCDomainFactory.cpp */; };
		9D80463519810A3C00390E4C /* CCError.cpp in Sources */ = {isa = PBXBuildFile; fileRef = 9D4101311978CFAD00907FA8 /* CCError.cpp */; };
		9D80463619810A3C00390E4C /* CCCoreService.cpp in Sources */ = {isa = PBXBuildFile; fileRef = 9D41012B1978CFAD00907FA8 /* CCCoreService.cpp */; };
		9D80463719810A3C00390E4C /* CCRandomReward.cpp in Sources */ = {isa = PBXBuildFile; fileRef = 9D4101441978CFAD00907FA8 /* CCRandomReward.cpp */; };
		9D80463819810A3C00390E4C /* CCSoomlaEntity.cpp in Sources */ = {isa = PBXBuildFile; fileRef = 372B74257254F43D38DF97CA /* CCSoomlaEntity.cpp */; };
		9D80463B19810A3C00390E4C /* libSoomlaiOSCore.a in Frameworks */ = {isa = PBXBuildFile; fileRef = 9D41016E1978D35200907FA8 /* libSoomlaiOSCore.a */; };
		9D80463C19810A3C00390E4C /* Foundation.framework in Frameworks */ = {isa = PBXBuildFile; fileRef = C0B3C5F2168C6D0C00161FAA /* Foundation.framework */; };
		9D80463E19810A3C00390E4C /* CCAbstractAggregatedEventHandler.h in Headers */ = {isa = PBXBuildFile; fileRef = 9D4101251978CFAD00907FA8 /* CCAbstractAggregatedEventHandler.h */; };
		9D80463F19810A3C00390E4C /* CCReward.h in Headers */ = {isa = PBXBuildFile; fileRef = 9D4101471978CFAD00907FA8 /* CCReward.h */; };
		9D80464019810A3C00390E4C /* CCCoreEventHandler.h in Headers */ = {isa = PBXBuildFile; fileRef = 9D41012A1978CFAD00907FA8 /* CCCoreEventHandler.h */; };
		9D80464119810A3C00390E4C /* CCDomainHelper.h in Headers */ = {isa = PBXBuildFile; fileRef = 9D4101301978CFAD00907FA8 /* CCDomainHelper.h */; };
		9D80464219810A3C00390E4C /* CCBadgeReward.h in Headers */ = {isa = PBXBuildFile; fileRef = 9D4101431978CFAD00907FA8 /* CCBadgeReward.h */; };
		9D80464319810A3C00390E4C /* CCSequenceReward.h in Headers */ = {isa = PBXBuildFile; fileRef = 9D4101491978CFAD00907FA8 /* CCSequenceReward.h */; };
		9D80464419810A3C00390E4C /* CCAggregateReward.h in Headers */ = {isa = PBXBuildFile; fileRef = 9D4101411978CFAD00907FA8 /* CCAggregateReward.h */; };
		9D80464519810A3C00390E4C /* CCRandomReward.h in Headers */ = {isa = PBXBuildFile; fileRef = 9D4101451978CFAD00907FA8 /* CCRandomReward.h */; };
		9D80464619810A3C00390E4C /* CCJsonHelper.h in Headers */ = {isa = PBXBuildFile; fileRef = 9D4101341978CFAD00907FA8 /* CCJsonHelper.h */; };
		9D80464719810A3C00390E4C /* CCCoreService.h in Headers */ = {isa = PBXBuildFile; fileRef = 9D41012C1978CFAD00907FA8 /* CCCoreService.h */; };
		9D80464819810A3C00390E4C /* CCDomainFactory.h in Headers */ = {isa = PBXBuildFile; fileRef = 9D41012E1978CFAD00907FA8 /* CCDomainFactory.h */; };
		9D80464919810A3C00390E4C /* CCCommonConsts.h in Headers */ = {isa = PBXBuildFile; fileRef = 9D4101271978CFAD00907FA8 /* CCCommonConsts.h */; };
		9D80464A19810A3C00390E4C /* CCServiceManager.h in Headers */ = {isa = PBXBuildFile; fileRef = 9D4101381978CFAD00907FA8 /* CCServiceManager.h */; };
		9D80464B19810A3C00390E4C /* CCNdkBridge.h in Headers */ = {isa = PBXBuildFile; fileRef = 9D4101361978CFAD00907FA8 /* CCNdkBridge.h */; };
		9D80464C19810A3C00390E4C /* CCSoomlaEventDispatcher.h in Headers */ = {isa = PBXBuildFile; fileRef = 9D41013A1978CFAD00907FA8 /* CCSoomlaEventDispatcher.h */; };
		9D80464D19810A3C00390E4C /* CCCoreEventDispatcher.h in Headers */ = {isa = PBXBuildFile; fileRef = 9D4101291978CFAD00907FA8 /* CCCoreEventDispatcher.h */; };
		9D80464E19810A3C00390E4C /* CCSoomlaMacros.h in Headers */ = {isa = PBXBuildFile; fileRef = 9D41013B1978CFAD00907FA8 /* CCSoomlaMacros.h */; };
		9D80464F19810A3C00390E4C /* CCDomain.h in Headers */ = {isa = PBXBuildFile; fileRef = 9D41013E1978CFAD00907FA8 /* CCDomain.h */; };
		9D80465019810A3C00390E4C /* CCError.h in Headers */ = {isa = PBXBuildFile; fileRef = 9D4101321978CFAD00907FA8 /* CCError.h */; };
		9D80465119810A3C00390E4C /* CCSoomlaEntity.h in Headers */ = {isa = PBXBuildFile; fileRef = 372B7DF784D9DB67349CF869 /* CCSoomlaEntity.h */; };
/* End PBXBuildFile section */

/* Begin PBXFileReference section */
		372B74257254F43D38DF97CA /* CCSoomlaEntity.cpp */ = {isa = PBXFileReference; fileEncoding = 4; lastKnownFileType = sourcecode.cpp.cpp; path = CCSoomlaEntity.cpp; sourceTree = "<group>"; };
		372B7DF784D9DB67349CF869 /* CCSoomlaEntity.h */ = {isa = PBXFileReference; fileEncoding = 4; lastKnownFileType = sourcecode.c.h; path = CCSoomlaEntity.h; sourceTree = "<group>"; };
		9D4101251978CFAD00907FA8 /* CCAbstractAggregatedEventHandler.h */ = {isa = PBXFileReference; fileEncoding = 4; lastKnownFileType = sourcecode.c.h; path = CCAbstractAggregatedEventHandler.h; sourceTree = "<group>"; };
		9D4101261978CFAD00907FA8 /* CCCommonConsts.cpp */ = {isa = PBXFileReference; fileEncoding = 4; lastKnownFileType = sourcecode.cpp.cpp; path = CCCommonConsts.cpp; sourceTree = "<group>"; };
		9D4101271978CFAD00907FA8 /* CCCommonConsts.h */ = {isa = PBXFileReference; fileEncoding = 4; lastKnownFileType = sourcecode.c.h; path = CCCommonConsts.h; sourceTree = "<group>"; };
		9D4101281978CFAD00907FA8 /* CCCoreEventDispatcher.cpp */ = {isa = PBXFileReference; fileEncoding = 4; lastKnownFileType = sourcecode.cpp.cpp; path = CCCoreEventDispatcher.cpp; sourceTree = "<group>"; };
		9D4101291978CFAD00907FA8 /* CCCoreEventDispatcher.h */ = {isa = PBXFileReference; fileEncoding = 4; lastKnownFileType = sourcecode.c.h; path = CCCoreEventDispatcher.h; sourceTree = "<group>"; };
		9D41012A1978CFAD00907FA8 /* CCCoreEventHandler.h */ = {isa = PBXFileReference; fileEncoding = 4; lastKnownFileType = sourcecode.c.h; path = CCCoreEventHandler.h; sourceTree = "<group>"; };
		9D41012B1978CFAD00907FA8 /* CCCoreService.cpp */ = {isa = PBXFileReference; fileEncoding = 4; lastKnownFileType = sourcecode.cpp.cpp; path = CCCoreService.cpp; sourceTree = "<group>"; };
		9D41012C1978CFAD00907FA8 /* CCCoreService.h */ = {isa = PBXFileReference; fileEncoding = 4; lastKnownFileType = sourcecode.c.h; path = CCCoreService.h; sourceTree = "<group>"; };
		9D41012D1978CFAD00907FA8 /* CCDomainFactory.cpp */ = {isa = PBXFileReference; fileEncoding = 4; lastKnownFileType = sourcecode.cpp.cpp; path = CCDomainFactory.cpp; sourceTree = "<group>"; };
		9D41012E1978CFAD00907FA8 /* CCDomainFactory.h */ = {isa = PBXFileReference; fileEncoding = 4; lastKnownFileType = sourcecode.c.h; path = CCDomainFactory.h; sourceTree = "<group>"; };
		9D41012F1978CFAD00907FA8 /* CCDomainHelper.cpp */ = {isa = PBXFileReference; fileEncoding = 4; lastKnownFileType = sourcecode.cpp.cpp; path = CCDomainHelper.cpp; sourceTree = "<group>"; };
		9D4101301978CFAD00907FA8 /* CCDomainHelper.h */ = {isa = PBXFileReference; fileEncoding = 4; lastKnownFileType = sourcecode.c.h; path = CCDomainHelper.h; sourceTree = "<group>"; };
		9D4101311978CFAD00907FA8 /* CCError.cpp */ = {isa = PBXFileReference; fileEncoding = 4; lastKnownFileType = sourcecode.cpp.cpp; path = CCError.cpp; sourceTree = "<group>"; };
		9D4101321978CFAD00907FA8 /* CCError.h */ = {isa = PBXFileReference; fileEncoding = 4; lastKnownFileType = sourcecode.c.h; path = CCError.h; sourceTree = "<group>"; };
		9D4101331978CFAD00907FA8 /* CCJsonHelper.cpp */ = {isa = PBXFileReference; fileEncoding = 4; lastKnownFileType = sourcecode.cpp.cpp; path = CCJsonHelper.cpp; sourceTree = "<group>"; };
		9D4101341978CFAD00907FA8 /* CCJsonHelper.h */ = {isa = PBXFileReference; fileEncoding = 4; lastKnownFileType = sourcecode.c.h; path = CCJsonHelper.h; sourceTree = "<group>"; };
		9D4101351978CFAD00907FA8 /* CCNdkBridge.cpp */ = {isa = PBXFileReference; fileEncoding = 4; lastKnownFileType = sourcecode.cpp.cpp; path = CCNdkBridge.cpp; sourceTree = "<group>"; };
		9D4101361978CFAD00907FA8 /* CCNdkBridge.h */ = {isa = PBXFileReference; fileEncoding = 4; lastKnownFileType = sourcecode.c.h; path = CCNdkBridge.h; sourceTree = "<group>"; };
		9D4101371978CFAD00907FA8 /* CCServiceManager.cpp */ = {isa = PBXFileReference; fileEncoding = 4; lastKnownFileType = sourcecode.cpp.cpp; path = CCServiceManager.cpp; sourceTree = "<group>"; };
		9D4101381978CFAD00907FA8 /* CCServiceManager.h */ = {isa = PBXFileReference; fileEncoding = 4; lastKnownFileType = sourcecode.c.h; path = CCServiceManager.h; sourceTree = "<group>"; };
		9D4101391978CFAD00907FA8 /* CCSoomlaEventDispatcher.cpp */ = {isa = PBXFileReference; fileEncoding = 4; lastKnownFileType = sourcecode.cpp.cpp; path = CCSoomlaEventDispatcher.cpp; sourceTree = "<group>"; };
		9D41013A1978CFAD00907FA8 /* CCSoomlaEventDispatcher.h */ = {isa = PBXFileReference; fileEncoding = 4; lastKnownFileType = sourcecode.c.h; path = CCSoomlaEventDispatcher.h; sourceTree = "<group>"; };
		9D41013B1978CFAD00907FA8 /* CCSoomlaMacros.h */ = {isa = PBXFileReference; fileEncoding = 4; lastKnownFileType = sourcecode.c.h; path = CCSoomlaMacros.h; sourceTree = "<group>"; };
		9D41013D1978CFAD00907FA8 /* CCDomain.cpp */ = {isa = PBXFileReference; fileEncoding = 4; lastKnownFileType = sourcecode.cpp.cpp; path = CCDomain.cpp; sourceTree = "<group>"; };
		9D41013E1978CFAD00907FA8 /* CCDomain.h */ = {isa = PBXFileReference; fileEncoding = 4; lastKnownFileType = sourcecode.c.h; path = CCDomain.h; sourceTree = "<group>"; };
		9D4101401978CFAD00907FA8 /* CCAggregateReward.cpp */ = {isa = PBXFileReference; fileEncoding = 4; lastKnownFileType = sourcecode.cpp.cpp; path = CCAggregateReward.cpp; sourceTree = "<group>"; };
		9D4101411978CFAD00907FA8 /* CCAggregateReward.h */ = {isa = PBXFileReference; fileEncoding = 4; lastKnownFileType = sourcecode.c.h; path = CCAggregateReward.h; sourceTree = "<group>"; };
		9D4101421978CFAD00907FA8 /* CCBadgeReward.cpp */ = {isa = PBXFileReference; fileEncoding = 4; lastKnownFileType = sourcecode.cpp.cpp; path = CCBadgeReward.cpp; sourceTree = "<group>"; };
		9D4101431978CFAD00907FA8 /* CCBadgeReward.h */ = {isa = PBXFileReference; fileEncoding = 4; lastKnownFileType = sourcecode.c.h; path = CCBadgeReward.h; sourceTree = "<group>"; };
		9D4101441978CFAD00907FA8 /* CCRandomReward.cpp */ = {isa = PBXFileReference; fileEncoding = 4; lastKnownFileType = sourcecode.cpp.cpp; path = CCRandomReward.cpp; sourceTree = "<group>"; };
		9D4101451978CFAD00907FA8 /* CCRandomReward.h */ = {isa = PBXFileReference; fileEncoding = 4; lastKnownFileType = sourcecode.c.h; path = CCRandomReward.h; sourceTree = "<group>"; };
		9D4101461978CFAD00907FA8 /* CCReward.cpp */ = {isa = PBXFileReference; fileEncoding = 4; lastKnownFileType = sourcecode.cpp.cpp; path = CCReward.cpp; sourceTree = "<group>"; };
		9D4101471978CFAD00907FA8 /* CCReward.h */ = {isa = PBXFileReference; fileEncoding = 4; lastKnownFileType = sourcecode.c.h; path = CCReward.h; sourceTree = "<group>"; };
		9D4101481978CFAD00907FA8 /* CCSequenceReward.cpp */ = {isa = PBXFileReference; fileEncoding = 4; lastKnownFileType = sourcecode.cpp.cpp; path = CCSequenceReward.cpp; sourceTree = "<group>"; };
		9D4101491978CFAD00907FA8 /* CCSequenceReward.h */ = {isa = PBXFileReference; fileEncoding = 4; lastKnownFileType = sourcecode.c.h; path = CCSequenceReward.h; sourceTree = "<group>"; };
		9D41016D1978D35200907FA8 /* libCocos2dXiOSCore.a */ = {isa = PBXFileReference; lastKnownFileType = archive.ar; name = libCocos2dXiOSCore.a; path = "soomla-native/compilations/ios/libCocos2dXiOSCore.a"; sourceTree = "<group>"; };
		9D41016E1978D35200907FA8 /* libSoomlaiOSCore.a */ = {isa = PBXFileReference; lastKnownFileType = archive.ar; name = libSoomlaiOSCore.a; path = "soomla-native/compilations/ios/libSoomlaiOSCore.a"; sourceTree = "<group>"; };
		9D80465519810A3C00390E4C /* libCocos2dXCore.a */ = {isa = PBXFileReference; explicitFileType = archive.ar; includeInIndex = 0; path = libCocos2dXCore.a; sourceTree = BUILT_PRODUCTS_DIR; };
		C0B3C5F2168C6D0C00161FAA /* Foundation.framework */ = {isa = PBXFileReference; lastKnownFileType = wrapper.framework; name = Foundation.framework; path = System/Library/Frameworks/Foundation.framework; sourceTree = SDKROOT; };
/* End PBXFileReference section */

/* Begin PBXFrameworksBuildPhase section */
		9D80463919810A3C00390E4C /* Frameworks */ = {
			isa = PBXFrameworksBuildPhase;
			buildActionMask = 2147483647;
			files = (
				9D589A591986064B00649A55 /* libCocos2dXiOSCore.a in Frameworks */,
				9D80463B19810A3C00390E4C /* libSoomlaiOSCore.a in Frameworks */,
				9D80463C19810A3C00390E4C /* Foundation.framework in Frameworks */,
			);
			runOnlyForDeploymentPostprocessing = 0;
		};
/* End PBXFrameworksBuildPhase section */

/* Begin PBXGroup section */
		9D4101241978CFAD00907FA8 /* Soomla */ = {
			isa = PBXGroup;
			children = (
				9D4101251978CFAD00907FA8 /* CCAbstractAggregatedEventHandler.h */,
				9D4101261978CFAD00907FA8 /* CCCommonConsts.cpp */,
				9D4101271978CFAD00907FA8 /* CCCommonConsts.h */,
				9D4101281978CFAD00907FA8 /* CCCoreEventDispatcher.cpp */,
				9D4101291978CFAD00907FA8 /* CCCoreEventDispatcher.h */,
				9D41012A1978CFAD00907FA8 /* CCCoreEventHandler.h */,
				9D41012B1978CFAD00907FA8 /* CCCoreService.cpp */,
				9D41012C1978CFAD00907FA8 /* CCCoreService.h */,
				9D41012D1978CFAD00907FA8 /* CCDomainFactory.cpp */,
				9D41012E1978CFAD00907FA8 /* CCDomainFactory.h */,
				9D41012F1978CFAD00907FA8 /* CCDomainHelper.cpp */,
				9D4101301978CFAD00907FA8 /* CCDomainHelper.h */,
				9D4101311978CFAD00907FA8 /* CCError.cpp */,
				9D4101321978CFAD00907FA8 /* CCError.h */,
				9D4101331978CFAD00907FA8 /* CCJsonHelper.cpp */,
				9D4101341978CFAD00907FA8 /* CCJsonHelper.h */,
				9D4101351978CFAD00907FA8 /* CCNdkBridge.cpp */,
				9D4101361978CFAD00907FA8 /* CCNdkBridge.h */,
				9D4101371978CFAD00907FA8 /* CCServiceManager.cpp */,
				9D4101381978CFAD00907FA8 /* CCServiceManager.h */,
				9D4101391978CFAD00907FA8 /* CCSoomlaEventDispatcher.cpp */,
				9D41013A1978CFAD00907FA8 /* CCSoomlaEventDispatcher.h */,
				9D41013B1978CFAD00907FA8 /* CCSoomlaMacros.h */,
				9D41013C1978CFAD00907FA8 /* domain */,
				9D41013F1978CFAD00907FA8 /* rewards */,
			);
			path = Soomla;
			sourceTree = "<group>";
		};
		9D41013C1978CFAD00907FA8 /* domain */ = {
			isa = PBXGroup;
			children = (
				9D41013D1978CFAD00907FA8 /* CCDomain.cpp */,
				9D41013E1978CFAD00907FA8 /* CCDomain.h */,
				372B74257254F43D38DF97CA /* CCSoomlaEntity.cpp */,
				372B7DF784D9DB67349CF869 /* CCSoomlaEntity.h */,
			);
			path = domain;
			sourceTree = "<group>";
		};
		9D41013F1978CFAD00907FA8 /* rewards */ = {
			isa = PBXGroup;
			children = (
				9D4101401978CFAD00907FA8 /* CCAggregateReward.cpp */,
				9D4101411978CFAD00907FA8 /* CCAggregateReward.h */,
				9D4101421978CFAD00907FA8 /* CCBadgeReward.cpp */,
				9D4101431978CFAD00907FA8 /* CCBadgeReward.h */,
				9D4101441978CFAD00907FA8 /* CCRandomReward.cpp */,
				9D4101451978CFAD00907FA8 /* CCRandomReward.h */,
				9D4101461978CFAD00907FA8 /* CCReward.cpp */,
				9D4101471978CFAD00907FA8 /* CCReward.h */,
				9D4101481978CFAD00907FA8 /* CCSequenceReward.cpp */,
				9D4101491978CFAD00907FA8 /* CCSequenceReward.h */,
			);
			path = rewards;
			sourceTree = "<group>";
		};
		C0B3C5E4168C6D0C00161FAA = {
			isa = PBXGroup;
			children = (
				9D4101241978CFAD00907FA8 /* Soomla */,
				C0B3C5F1168C6D0C00161FAA /* Frameworks */,
				C0B3C5F0168C6D0C00161FAA /* Products */,
			);
			sourceTree = "<group>";
		};
		C0B3C5F0168C6D0C00161FAA /* Products */ = {
			isa = PBXGroup;
			children = (
				9D80465519810A3C00390E4C /* libCocos2dXCore.a */,
			);
			name = Products;
			sourceTree = "<group>";
		};
		C0B3C5F1168C6D0C00161FAA /* Frameworks */ = {
			isa = PBXGroup;
			children = (
				9D41016D1978D35200907FA8 /* libCocos2dXiOSCore.a */,
				9D41016E1978D35200907FA8 /* libSoomlaiOSCore.a */,
				C0B3C5F2168C6D0C00161FAA /* Foundation.framework */,
			);
			name = Frameworks;
			sourceTree = "<group>";
		};
/* End PBXGroup section */

/* Begin PBXHeadersBuildPhase section */
		9D80463D19810A3C00390E4C /* Headers */ = {
			isa = PBXHeadersBuildPhase;
			buildActionMask = 2147483647;
			files = (
				9D80463E19810A3C00390E4C /* CCAbstractAggregatedEventHandler.h in Headers */,
				9D80463F19810A3C00390E4C /* CCReward.h in Headers */,
				9D80464019810A3C00390E4C /* CCCoreEventHandler.h in Headers */,
				9D80464119810A3C00390E4C /* CCDomainHelper.h in Headers */,
				9D80464219810A3C00390E4C /* CCBadgeReward.h in Headers */,
				9D80464319810A3C00390E4C /* CCSequenceReward.h in Headers */,
				9D80464419810A3C00390E4C /* CCAggregateReward.h in Headers */,
				9D80464519810A3C00390E4C /* CCRandomReward.h in Headers */,
				9D80464619810A3C00390E4C /* CCJsonHelper.h in Headers */,
				9D80464719810A3C00390E4C /* CCCoreService.h in Headers */,
				9D80464819810A3C00390E4C /* CCDomainFactory.h in Headers */,
				9D80464919810A3C00390E4C /* CCCommonConsts.h in Headers */,
				9D80464A19810A3C00390E4C /* CCServiceManager.h in Headers */,
				9D80464B19810A3C00390E4C /* CCNdkBridge.h in Headers */,
				9D80464C19810A3C00390E4C /* CCSoomlaEventDispatcher.h in Headers */,
				9D80464D19810A3C00390E4C /* CCCoreEventDispatcher.h in Headers */,
				9D80464E19810A3C00390E4C /* CCSoomlaMacros.h in Headers */,
				9D80464F19810A3C00390E4C /* CCDomain.h in Headers */,
				9D80465019810A3C00390E4C /* CCError.h in Headers */,
				9D80465119810A3C00390E4C /* CCSoomlaEntity.h in Headers */,
			);
			runOnlyForDeploymentPostprocessing = 0;
		};
/* End PBXHeadersBuildPhase section */

/* Begin PBXNativeTarget section */
		9D80462619810A3C00390E4C /* Cocos2dXCore */ = {
			isa = PBXNativeTarget;
			buildConfigurationList = 9D80465219810A3C00390E4C /* Build configuration list for PBXNativeTarget "Cocos2dXCore" */;
			buildPhases = (
				9D80462719810A3C00390E4C /* Sources */,
				9D80463919810A3C00390E4C /* Frameworks */,
				9D80463D19810A3C00390E4C /* Headers */,
			);
			buildRules = (
			);
			dependencies = (
			);
			name = Cocos2dXCore;
			productName = SoomlaIOSStore;
			productReference = 9D80465519810A3C00390E4C /* libCocos2dXCore.a */;
			productType = "com.apple.product-type.library.static";
		};
/* End PBXNativeTarget section */

/* Begin PBXProject section */
		C0B3C5E6168C6D0C00161FAA /* Project object */ = {
			isa = PBXProject;
			attributes = {
				LastUpgradeCheck = 0450;
				ORGANIZATIONNAME = SOOMLA;
			};
			buildConfigurationList = C0B3C5E9168C6D0C00161FAA /* Build configuration list for PBXProject "Cocos2dXCore" */;
			compatibilityVersion = "Xcode 3.2";
			developmentRegion = English;
			hasScannedForEncodings = 0;
			knownRegions = (
				en,
			);
			mainGroup = C0B3C5E4168C6D0C00161FAA;
			productRefGroup = C0B3C5F0168C6D0C00161FAA /* Products */;
			projectDirPath = "";
			projectRoot = "";
			targets = (
				9D80462619810A3C00390E4C /* Cocos2dXCore */,
			);
		};
/* End PBXProject section */

/* Begin PBXSourcesBuildPhase section */
		9D80462719810A3C00390E4C /* Sources */ = {
			isa = PBXSourcesBuildPhase;
			buildActionMask = 2147483647;
			files = (
				9D80462819810A3C00390E4C /* CCAggregateReward.cpp in Sources */,
				9D80462919810A3C00390E4C /* CCSoomlaEventDispatcher.cpp in Sources */,
				9D80462A19810A3C00390E4C /* CCReward.cpp in Sources */,
				9D80462B19810A3C00390E4C /* CCNdkBridge.cpp in Sources */,
				9D80462C19810A3C00390E4C /* CCJsonHelper.cpp in Sources */,
				9D80462D19810A3C00390E4C /* CCCoreEventDispatcher.cpp in Sources */,
				9D80462E19810A3C00390E4C /* CCServiceManager.cpp in Sources */,
				9D80462F19810A3C00390E4C /* CCBadgeReward.cpp in Sources */,
				9D80463019810A3C00390E4C /* CCCommonConsts.cpp in Sources */,
				9D80463119810A3C00390E4C /* CCSequenceReward.cpp in Sources */,
				9D80463219810A3C00390E4C /* CCDomainHelper.cpp in Sources */,
				9D80463319810A3C00390E4C /* CCDomain.cpp in Sources */,
				9D80463419810A3C00390E4C /* CCDomainFactory.cpp in Sources */,
				9D80463519810A3C00390E4C /* CCError.cpp in Sources */,
				9D80463619810A3C00390E4C /* CCCoreService.cpp in Sources */,
				9D80463719810A3C00390E4C /* CCRandomReward.cpp in Sources */,
				9D80463819810A3C00390E4C /* CCSoomlaEntity.cpp in Sources */,
			);
			runOnlyForDeploymentPostprocessing = 0;
		};
/* End PBXSourcesBuildPhase section */

/* Begin XCBuildConfiguration section */
		9D80465319810A3C00390E4C /* Debug */ = {
			isa = XCBuildConfiguration;
			buildSettings = {
				DSTROOT = /tmp/SoomlaIOSStore.dst;
				GCC_PRECOMPILE_PREFIX_HEADER = YES;
				GCC_PREPROCESSOR_DEFINITIONS = (
					"$(inherited)",
					"COCOS2D_DEBUG=1",
					CC_TARGET_OS_IPHONE,
				);
				HEADER_SEARCH_PATHS = (
					"$(inherited)",
					/Applications/Xcode.app/Contents/Developer/Toolchains/XcodeDefault.xctoolchain/usr/include,
					"\"$(SRCROOT)/../../cocos2dx\"",
					"\"$(SRCROOT)/../../cocos2dx/include\"",
					"\"$(SRCROOT)/../../cocos2dx/kazmath/include\"",
					"\"$(SRCROOT)/../../cocos2dx/platform/third_party/ios\"",
					"\"$(SRCROOT)/../../cocos2dx/platform/ios\"",
					"\"$(SRCROOT)/../../cocos2dx/platform/ios/Simulation\"",
					"$(SRCROOT)/../../external/jansson",
					"$(SRCROOT)/soomla-native/compilations/ios/headers/**",
				);
				LIBRARY_SEARCH_PATHS = "$(PROJECT_DIR)/soomla-native/compilations/ios";
				LINK_WITH_STANDARD_LIBRARIES = NO;
				ONLY_ACTIVE_ARCH = YES;
				OTHER_LDFLAGS = "-ObjC";
				PRIVATE_HEADERS_FOLDER_PATH = headers/private;
				PRODUCT_NAME = Cocos2dXCore;
				PUBLIC_HEADERS_FOLDER_PATH = headers/public;
				SKIP_INSTALL = YES;
				SYMROOT = out;
				WRAPPER_EXTENSION = framework;
			};
			name = Debug;
		};
		9D80465419810A3C00390E4C /* Release */ = {
			isa = XCBuildConfiguration;
			buildSettings = {
				DSTROOT = /tmp/SoomlaIOSStore.dst;
				GCC_GENERATE_DEBUGGING_SYMBOLS = NO;
				GCC_PRECOMPILE_PREFIX_HEADER = YES;
				GCC_PREPROCESSOR_DEFINITIONS = CC_TARGET_OS_IPHONE;
				HEADER_SEARCH_PATHS = (
					"$(inherited)",
					/Applications/Xcode.app/Contents/Developer/Toolchains/XcodeDefault.xctoolchain/usr/include,
					"\"$(SRCROOT)/../../cocos2dx\"",
					"\"$(SRCROOT)/../../cocos2dx/include\"",
					"\"$(SRCROOT)/../../cocos2dx/kazmath/include\"",
					"\"$(SRCROOT)/../../cocos2dx/platform/third_party/ios\"",
					"\"$(SRCROOT)/../../cocos2dx/platform/ios\"",
					"\"$(SRCROOT)/../../cocos2dx/platform/ios/Simulation\"",
					"$(SRCROOT)/../../external/jansson",
					"$(SRCROOT)/soomla-native/compilations/ios/headers/**",
				);
				LIBRARY_SEARCH_PATHS = "$(PROJECT_DIR)/soomla-native/compilations/ios";
				LINK_WITH_STANDARD_LIBRARIES = NO;
				ONLY_ACTIVE_ARCH = NO;
				OTHER_LDFLAGS = "-ObjC";
				PRIVATE_HEADERS_FOLDER_PATH = headers/private;
				PRODUCT_NAME = Cocos2dXCore;
				PUBLIC_HEADERS_FOLDER_PATH = headers/public;
				SKIP_INSTALL = YES;
				SYMROOT = out;
				WRAPPER_EXTENSION = framework;
			};
			name = Release;
		};
		C0B3C5FB168C6D0C00161FAA /* Debug */ = {
			isa = XCBuildConfiguration;
			buildSettings = {
				ALWAYS_SEARCH_USER_PATHS = NO;
				CLANG_CXX_LIBRARY = "libstdc++";
				CLANG_ENABLE_OBJC_ARC = NO;
				CLANG_WARN_EMPTY_BODY = YES;
				CLANG_WARN__DUPLICATE_METHOD_MATCH = YES;
				COPY_PHASE_STRIP = NO;
				GCC_C_LANGUAGE_STANDARD = "compiler-default";
				GCC_DYNAMIC_NO_PIC = NO;
				GCC_OPTIMIZATION_LEVEL = 0;
				GCC_PREFIX_HEADER = "";
				GCC_PREPROCESSOR_DEFINITIONS = (
					"DEBUG=1",
					"$(inherited)",
				);
				GCC_SYMBOLS_PRIVATE_EXTERN = NO;
				GCC_WARN_ABOUT_RETURN_TYPE = YES;
				GCC_WARN_UNINITIALIZED_AUTOS = YES;
				GCC_WARN_UNUSED_VARIABLE = YES;
				IPHONEOS_DEPLOYMENT_TARGET = 5.0;
				ONLY_ACTIVE_ARCH = YES;
				SDKROOT = iphoneos;
				VALID_ARCHS = "arm64 armv7 armv7s";
			};
			name = Debug;
		};
		C0B3C5FC168C6D0C00161FAA /* Release */ = {
			isa = XCBuildConfiguration;
			buildSettings = {
				ALWAYS_SEARCH_USER_PATHS = NO;
				CLANG_CXX_LIBRARY = "libstdc++";
				CLANG_ENABLE_OBJC_ARC = NO;
				CLANG_WARN_EMPTY_BODY = YES;
				CLANG_WARN__DUPLICATE_METHOD_MATCH = YES;
				COPY_PHASE_STRIP = YES;
				GCC_C_LANGUAGE_STANDARD = "compiler-default";
				GCC_PREFIX_HEADER = "";
				GCC_WARN_ABOUT_RETURN_TYPE = YES;
				GCC_WARN_UNINITIALIZED_AUTOS = YES;
				GCC_WARN_UNUSED_VARIABLE = YES;
				IPHONEOS_DEPLOYMENT_TARGET = 5.0;
				SDKROOT = iphoneos;
				VALIDATE_PRODUCT = YES;
				VALID_ARCHS = "arm64 armv7 armv7s";
			};
			name = Release;
		};
/* End XCBuildConfiguration section */

/* Begin XCConfigurationList section */
		9D80465219810A3C00390E4C /* Build configuration list for PBXNativeTarget "Cocos2dXCore" */ = {
			isa = XCConfigurationList;
			buildConfigurations = (
				9D80465319810A3C00390E4C /* Debug */,
				9D80465419810A3C00390E4C /* Release */,
			);
			defaultConfigurationIsVisible = 0;
			defaultConfigurationName = Release;
		};
		C0B3C5E9168C6D0C00161FAA /* Build configuration list for PBXProject "Cocos2dXCore" */ = {
			isa = XCConfigurationList;
			buildConfigurations = (
				C0B3C5FB168C6D0C00161FAA /* Debug */,
				C0B3C5FC168C6D0C00161FAA /* Release */,
			);
			defaultConfigurationIsVisible = 0;
			defaultConfigurationName = Release;
		};
/* End XCConfigurationList section */
	};
	rootObject = C0B3C5E6168C6D0C00161FAA /* Project object */;
}
